
Microsoft Visual Studio Solution File, Format Version 12.00
# Visual Studio Version 17
VisualStudioVersion = 17.10.35122.118
MinimumVisualStudioVersion = 10.0.40219.1
Project("{FAE04EC0-301F-11D3-BF4B-00C04F79EFBC}") = "GestionDeInventario", "GestionDeInventario.csproj", "{762E7419-D877-48E9-B304-644A3F5F47D5}"
EndProject
Global
	GlobalSection(SolutionConfigurationPlatforms) = preSolution
		Debug|Any CPU = Debug|Any CPU
		Release|Any CPU = Release|Any CPU
	EndGlobalSection
	GlobalSection(ProjectConfigurationPlatforms) = postSolution
		{762E7419-D877-48E9-B304-644A3F5F47D5}.Debug|Any CPU.ActiveCfg = Debug|Any CPU
		{762E7419-D877-48E9-B304-644A3F5F47D5}.Debug|Any CPU.Build.0 = Debug|Any CPU
		{762E7419-D877-48E9-B304-644A3F5F47D5}.Release|Any CPU.ActiveCfg = Release|Any CPU
		{762E7419-D877-48E9-B304-644A3F5F47D5}.Release|Any CPU.Build.0 = Release|Any CPU
	EndGlobalSection
	GlobalSection(SolutionProperties) = preSolution
		HideSolutionNode = FALSE
	EndGlobalSection
	GlobalSection(ExtensibilityGlobals) = postSolution
		SolutionGuid = {62EB0256-06AA-45A3-A95D-6653F8216FAF}
	EndGlobalSection
EndGlobal
